
Microsoft Visual Studio Solution File, Format Version 12.00
# Visual Studio Version 17
VisualStudioVersion = 17.12.35707.178 d17.12
MinimumVisualStudioVersion = 10.0.40219.1
Project("{2150E333-8FDC-42A3-9474-1A3956D46DE8}") = "TemplateService", "TemplateService", "{FB71A81C-E2AD-4739-BD7E-E7D6F4CFFAA5}"
EndProject
Project("{2150E333-8FDC-42A3-9474-1A3956D46DE8}") = "src", "src", "{0CB22C5F-D466-4B21-A9E8-A0D010480547}"
EndProject
Project("{2150E333-8FDC-42A3-9474-1A3956D46DE8}") = "test", "test", "{2356E63D-C5C1-4D97-9686-EEB56AB0B56B}"
EndProject
Project("{FAE04EC0-301F-11D3-BF4B-00C04F79EFBC}") = "Application", "Application\Application.csproj", "{166FECA4-4E30-471C-BD32-9966A124E4DF}"
EndProject
Project("{FAE04EC0-301F-11D3-BF4B-00C04F79EFBC}") = "Domain", "Domain\Domain.csproj", "{7C114A5A-600A-4A68-9F88-F3C5AE40B8E4}"
EndProject
Project("{FAE04EC0-301F-11D3-BF4B-00C04F79EFBC}") = "Infrastructure", "Infrastructure\Infrastructure.csproj", "{0E330B93-C1A1-4AE3-A841-55C83BCBEA2D}"
EndProject
Project("{FAE04EC0-301F-11D3-BF4B-00C04F79EFBC}") = "Api", "Api\Api.csproj", "{83566618-38B7-47C8-8AAD-8E24704A6ECC}"
EndProject
Project("{FAE04EC0-301F-11D3-BF4B-00C04F79EFBC}") = "Api.Tests", "Api.Tests\Api.Tests.csproj", "{3E55F2C5-F119-4C6F-8827-0FF7B5FC4660}"
EndProject
Project("{FAE04EC0-301F-11D3-BF4B-00C04F79EFBC}") = "Application.Tests", "Application.Tests\Application.Tests.csproj", "{46F8F68E-A666-4198-8957-47C072B42B80}"
EndProject
Global
	GlobalSection(SolutionConfigurationPlatforms) = preSolution
		Debug|Any CPU = Debug|Any CPU
		Release|Any CPU = Release|Any CPU
	EndGlobalSection
	GlobalSection(ProjectConfigurationPlatforms) = postSolution
		{166FECA4-4E30-471C-BD32-9966A124E4DF}.Debug|Any CPU.ActiveCfg = Debug|Any CPU
		{166FECA4-4E30-471C-BD32-9966A124E4DF}.Debug|Any CPU.Build.0 = Debug|Any CPU
		{166FECA4-4E30-471C-BD32-9966A124E4DF}.Release|Any CPU.ActiveCfg = Release|Any CPU
		{166FECA4-4E30-471C-BD32-9966A124E4DF}.Release|Any CPU.Build.0 = Release|Any CPU
		{7C114A5A-600A-4A68-9F88-F3C5AE40B8E4}.Debug|Any CPU.ActiveCfg = Debug|Any CPU
		{7C114A5A-600A-4A68-9F88-F3C5AE40B8E4}.Debug|Any CPU.Build.0 = Debug|Any CPU
		{7C114A5A-600A-4A68-9F88-F3C5AE40B8E4}.Release|Any CPU.ActiveCfg = Release|Any CPU
		{7C114A5A-600A-4A68-9F88-F3C5AE40B8E4}.Release|Any CPU.Build.0 = Release|Any CPU
		{0E330B93-C1A1-4AE3-A841-55C83BCBEA2D}.Debug|Any CPU.ActiveCfg = Debug|Any CPU
		{0E330B93-C1A1-4AE3-A841-55C83BCBEA2D}.Debug|Any CPU.Build.0 = Debug|Any CPU
		{0E330B93-C1A1-4AE3-A841-55C83BCBEA2D}.Release|Any CPU.ActiveCfg = Release|Any CPU
		{0E330B93-C1A1-4AE3-A841-55C83BCBEA2D}.Release|Any CPU.Build.0 = Release|Any CPU
		{83566618-38B7-47C8-8AAD-8E24704A6ECC}.Debug|Any CPU.ActiveCfg = Debug|Any CPU
		{83566618-38B7-47C8-8AAD-8E24704A6ECC}.Debug|Any CPU.Build.0 = Debug|Any CPU
		{83566618-38B7-47C8-8AAD-8E24704A6ECC}.Release|Any CPU.ActiveCfg = Release|Any CPU
		{83566618-38B7-47C8-8AAD-8E24704A6ECC}.Release|Any CPU.Build.0 = Release|Any CPU
		{3E55F2C5-F119-4C6F-8827-0FF7B5FC4660}.Debug|Any CPU.ActiveCfg = Debug|Any CPU
		{3E55F2C5-F119-4C6F-8827-0FF7B5FC4660}.Debug|Any CPU.Build.0 = Debug|Any CPU
		{3E55F2C5-F119-4C6F-8827-0FF7B5FC4660}.Release|Any CPU.ActiveCfg = Release|Any CPU
		{3E55F2C5-F119-4C6F-8827-0FF7B5FC4660}.Release|Any CPU.Build.0 = Release|Any CPU
		{46F8F68E-A666-4198-8957-47C072B42B80}.Debug|Any CPU.ActiveCfg = Debug|Any CPU
		{46F8F68E-A666-4198-8957-47C072B42B80}.Debug|Any CPU.Build.0 = Debug|Any CPU
		{46F8F68E-A666-4198-8957-47C072B42B80}.Release|Any CPU.ActiveCfg = Release|Any CPU
		{46F8F68E-A666-4198-8957-47C072B42B80}.Release|Any CPU.Build.0 = Release|Any CPU
	EndGlobalSection
	GlobalSection(SolutionProperties) = preSolution
		HideSolutionNode = FALSE
	EndGlobalSection
	GlobalSection(NestedProjects) = preSolution
		{0CB22C5F-D466-4B21-A9E8-A0D010480547} = {FB71A81C-E2AD-4739-BD7E-E7D6F4CFFAA5}
		{2356E63D-C5C1-4D97-9686-EEB56AB0B56B} = {FB71A81C-E2AD-4739-BD7E-E7D6F4CFFAA5}
		{166FECA4-4E30-471C-BD32-9966A124E4DF} = {0CB22C5F-D466-4B21-A9E8-A0D010480547}
		{7C114A5A-600A-4A68-9F88-F3C5AE40B8E4} = {0CB22C5F-D466-4B21-A9E8-A0D010480547}
		{0E330B93-C1A1-4AE3-A841-55C83BCBEA2D} = {0CB22C5F-D466-4B21-A9E8-A0D010480547}
		{83566618-38B7-47C8-8AAD-8E24704A6ECC} = {0CB22C5F-D466-4B21-A9E8-A0D010480547}
		{3E55F2C5-F119-4C6F-8827-0FF7B5FC4660} = {2356E63D-C5C1-4D97-9686-EEB56AB0B56B}
		{46F8F68E-A666-4198-8957-47C072B42B80} = {2356E63D-C5C1-4D97-9686-EEB56AB0B56B}
	EndGlobalSection
EndGlobal
